
Microsoft Visual Studio Solution File, Format Version 12.00
# Visual Studio 15
VisualStudioVersion = 15.0.27428.2015
MinimumVisualStudioVersion = 10.0.40219.1
Project("{FAE04EC0-301F-11D3-BF4B-00C04F79EFBC}") = "TestRedisCache", "TestRedisCache\TestRedisCache.csproj", "{5DC99800-B490-427D-BFD0-5F176B69A8AE}"
EndProject
Global
	GlobalSection(SolutionConfigurationPlatforms) = preSolution
		Debug|Any CPU = Debug|Any CPU
		Release|Any CPU = Release|Any CPU
	EndGlobalSection
	GlobalSection(ProjectConfigurationPlatforms) = postSolution
		{5DC99800-B490-427D-BFD0-5F176B69A8AE}.Debug|Any CPU.ActiveCfg = Debug|Any CPU
		{5DC99800-B490-427D-BFD0-5F176B69A8AE}.Debug|Any CPU.Build.0 = Debug|Any CPU
		{5DC99800-B490-427D-BFD0-5F176B69A8AE}.Release|Any CPU.ActiveCfg = Release|Any CPU
		{5DC99800-B490-427D-BFD0-5F176B69A8AE}.Release|Any CPU.Build.0 = Release|Any CPU
	EndGlobalSection
	GlobalSection(SolutionProperties) = preSolution
		HideSolutionNode = FALSE
	EndGlobalSection
	GlobalSection(ExtensibilityGlobals) = postSolution
		SolutionGuid = {9D0C0D72-8FF9-48F8-A6C2-F1060677AA73}
	EndGlobalSection
EndGlobal
